
Microsoft Visual Studio Solution File, Format Version 12.00
Project("{FAE04EC0-301F-11D3-BF4B-00C04F79EFBC}") = "WebAPI", "src\WebAPI\WebAPI.csproj", "{AC60B6E3-BE5D-403F-8A87-A78AED13D748}"
EndProject
Project("{2150E333-8FDC-42A3-9474-1A3956D46DE8}") = "src", "src", "{3CE3CEE4-4B36-4511-BE26-49B72DDCB097}"
EndProject
Project("{2150E333-8FDC-42A3-9474-1A3956D46DE8}") = "test", "test", "{6A6C401C-98B2-497A-90DD-A713E87DFEB8}"
EndProject
Project("{FAE04EC0-301F-11D3-BF4B-00C04F79EFBC}") = "WebAPI.Tests", "test\WebAPI.Tests\WebAPI.Tests.csproj", "{3446475A-6645-4D90-893E-635A8121498F}"
EndProject
Project("{FAE04EC0-301F-11D3-BF4B-00C04F79EFBC}") = "Application", "src\Application\Application.csproj", "{97EFAD88-4479-45D0-85F5-D0FFBCB9B915}"
EndProject
Project("{FAE04EC0-301F-11D3-BF4B-00C04F79EFBC}") = "Domain", "src\Domain\Domain.csproj", "{E9F2E50A-2571-4E12-B71B-C9EC1BF72BD7}"
EndProject
Project("{FAE04EC0-301F-11D3-BF4B-00C04F79EFBC}") = "Infrastructure", "src\Infrastructure\Infrastructure.csproj", "{6154FDA6-254A-4134-BFEC-9AF0E9CE5B0D}"
EndProject
Project("{FAE04EC0-301F-11D3-BF4B-00C04F79EFBC}") = "Application.Tests", "test\Application.Tests\Application.Tests.csproj", "{1858A960-39E8-4241-AE29-3241043415EE}"
EndProject
Project("{FAE04EC0-301F-11D3-BF4B-00C04F79EFBC}") = "Domain.Tests", "test\Domain.Tests\Domain.Tests.csproj", "{21D536CE-2083-4718-B172-49E9CFCEDF1D}"
EndProject
Project("{FAE04EC0-301F-11D3-BF4B-00C04F79EFBC}") = "Infrastructure.Tests", "test\Infrastructure.Tests\Infrastructure.Tests.csproj", "{80C34F0B-869D-4BAA-9B15-F183E2D30EF5}"
EndProject
Project("{2150E333-8FDC-42A3-9474-1A3956D46DE8}") = "docker", "docker", "{FD9EB50C-F4BE-4B83-A0B0-F9FE4F583160}"
	ProjectSection(SolutionItems) = preProject
		deploy\Dockerfile = deploy\Dockerfile
	EndProjectSection
EndProject
Project("{FAE04EC0-301F-11D3-BF4B-00C04F79EFBC}") = "CrossCutting", "src\CrossCutting\CrossCutting.csproj", "{CF667EB8-A65C-4E59-8223-7B3B79CC6287}"
EndProject
Global
	GlobalSection(SolutionConfigurationPlatforms) = preSolution
		Debug|Any CPU = Debug|Any CPU
		Release|Any CPU = Release|Any CPU
	EndGlobalSection
	GlobalSection(ProjectConfigurationPlatforms) = postSolution
		{AC60B6E3-BE5D-403F-8A87-A78AED13D748}.Debug|Any CPU.ActiveCfg = Debug|Any CPU
		{AC60B6E3-BE5D-403F-8A87-A78AED13D748}.Debug|Any CPU.Build.0 = Debug|Any CPU
		{AC60B6E3-BE5D-403F-8A87-A78AED13D748}.Release|Any CPU.ActiveCfg = Release|Any CPU
		{AC60B6E3-BE5D-403F-8A87-A78AED13D748}.Release|Any CPU.Build.0 = Release|Any CPU
		{3446475A-6645-4D90-893E-635A8121498F}.Debug|Any CPU.ActiveCfg = Debug|Any CPU
		{3446475A-6645-4D90-893E-635A8121498F}.Debug|Any CPU.Build.0 = Debug|Any CPU
		{3446475A-6645-4D90-893E-635A8121498F}.Release|Any CPU.ActiveCfg = Release|Any CPU
		{3446475A-6645-4D90-893E-635A8121498F}.Release|Any CPU.Build.0 = Release|Any CPU
		{97EFAD88-4479-45D0-85F5-D0FFBCB9B915}.Debug|Any CPU.ActiveCfg = Debug|Any CPU
		{97EFAD88-4479-45D0-85F5-D0FFBCB9B915}.Debug|Any CPU.Build.0 = Debug|Any CPU
		{97EFAD88-4479-45D0-85F5-D0FFBCB9B915}.Release|Any CPU.ActiveCfg = Release|Any CPU
		{97EFAD88-4479-45D0-85F5-D0FFBCB9B915}.Release|Any CPU.Build.0 = Release|Any CPU
		{E9F2E50A-2571-4E12-B71B-C9EC1BF72BD7}.Debug|Any CPU.ActiveCfg = Debug|Any CPU
		{E9F2E50A-2571-4E12-B71B-C9EC1BF72BD7}.Debug|Any CPU.Build.0 = Debug|Any CPU
		{E9F2E50A-2571-4E12-B71B-C9EC1BF72BD7}.Release|Any CPU.ActiveCfg = Release|Any CPU
		{E9F2E50A-2571-4E12-B71B-C9EC1BF72BD7}.Release|Any CPU.Build.0 = Release|Any CPU
		{6154FDA6-254A-4134-BFEC-9AF0E9CE5B0D}.Debug|Any CPU.ActiveCfg = Debug|Any CPU
		{6154FDA6-254A-4134-BFEC-9AF0E9CE5B0D}.Debug|Any CPU.Build.0 = Debug|Any CPU
		{6154FDA6-254A-4134-BFEC-9AF0E9CE5B0D}.Release|Any CPU.ActiveCfg = Release|Any CPU
		{6154FDA6-254A-4134-BFEC-9AF0E9CE5B0D}.Release|Any CPU.Build.0 = Release|Any CPU
		{1858A960-39E8-4241-AE29-3241043415EE}.Debug|Any CPU.ActiveCfg = Debug|Any CPU
		{1858A960-39E8-4241-AE29-3241043415EE}.Debug|Any CPU.Build.0 = Debug|Any CPU
		{1858A960-39E8-4241-AE29-3241043415EE}.Release|Any CPU.ActiveCfg = Release|Any CPU
		{1858A960-39E8-4241-AE29-3241043415EE}.Release|Any CPU.Build.0 = Release|Any CPU
		{21D536CE-2083-4718-B172-49E9CFCEDF1D}.Debug|Any CPU.ActiveCfg = Debug|Any CPU
		{21D536CE-2083-4718-B172-49E9CFCEDF1D}.Debug|Any CPU.Build.0 = Debug|Any CPU
		{21D536CE-2083-4718-B172-49E9CFCEDF1D}.Release|Any CPU.ActiveCfg = Release|Any CPU
		{21D536CE-2083-4718-B172-49E9CFCEDF1D}.Release|Any CPU.Build.0 = Release|Any CPU
		{80C34F0B-869D-4BAA-9B15-F183E2D30EF5}.Debug|Any CPU.ActiveCfg = Debug|Any CPU
		{80C34F0B-869D-4BAA-9B15-F183E2D30EF5}.Debug|Any CPU.Build.0 = Debug|Any CPU
		{80C34F0B-869D-4BAA-9B15-F183E2D30EF5}.Release|Any CPU.ActiveCfg = Release|Any CPU
		{80C34F0B-869D-4BAA-9B15-F183E2D30EF5}.Release|Any CPU.Build.0 = Release|Any CPU
		{CF667EB8-A65C-4E59-8223-7B3B79CC6287}.Debug|Any CPU.ActiveCfg = Debug|Any CPU
		{CF667EB8-A65C-4E59-8223-7B3B79CC6287}.Debug|Any CPU.Build.0 = Debug|Any CPU
		{CF667EB8-A65C-4E59-8223-7B3B79CC6287}.Release|Any CPU.ActiveCfg = Release|Any CPU
		{CF667EB8-A65C-4E59-8223-7B3B79CC6287}.Release|Any CPU.Build.0 = Release|Any CPU
	EndGlobalSection
	GlobalSection(NestedProjects) = preSolution
		{AC60B6E3-BE5D-403F-8A87-A78AED13D748} = {3CE3CEE4-4B36-4511-BE26-49B72DDCB097}
		{3446475A-6645-4D90-893E-635A8121498F} = {6A6C401C-98B2-497A-90DD-A713E87DFEB8}
		{97EFAD88-4479-45D0-85F5-D0FFBCB9B915} = {3CE3CEE4-4B36-4511-BE26-49B72DDCB097}
		{E9F2E50A-2571-4E12-B71B-C9EC1BF72BD7} = {3CE3CEE4-4B36-4511-BE26-49B72DDCB097}
		{6154FDA6-254A-4134-BFEC-9AF0E9CE5B0D} = {3CE3CEE4-4B36-4511-BE26-49B72DDCB097}
		{1858A960-39E8-4241-AE29-3241043415EE} = {6A6C401C-98B2-497A-90DD-A713E87DFEB8}
		{21D536CE-2083-4718-B172-49E9CFCEDF1D} = {6A6C401C-98B2-497A-90DD-A713E87DFEB8}
		{80C34F0B-869D-4BAA-9B15-F183E2D30EF5} = {6A6C401C-98B2-497A-90DD-A713E87DFEB8}
		{CF667EB8-A65C-4E59-8223-7B3B79CC6287} = {3CE3CEE4-4B36-4511-BE26-49B72DDCB097}
	EndGlobalSection
EndGlobal
